
Microsoft Visual Studio Solution File, Format Version 12.00
# Visual Studio Version 17
VisualStudioVersion = 17.5.002.0
MinimumVisualStudioVersion = 10.0.40219.1
Project("{9A19103F-16F7-4668-BE54-9A1E7A4F7556}") = "Fibonacci", "Fibonacci.csproj", "{FFB53863-A302-49D2-9E94-1B14A8E6DC80}"
EndProject
Global
	GlobalSection(SolutionConfigurationPlatforms) = preSolution
		Debug|Any CPU = Debug|Any CPU
		Release|Any CPU = Release|Any CPU
	EndGlobalSection
	GlobalSection(ProjectConfigurationPlatforms) = postSolution
		{FFB53863-A302-49D2-9E94-1B14A8E6DC80}.Debug|Any CPU.ActiveCfg = Debug|Any CPU
		{FFB53863-A302-49D2-9E94-1B14A8E6DC80}.Debug|Any CPU.Build.0 = Debug|Any CPU
		{FFB53863-A302-49D2-9E94-1B14A8E6DC80}.Release|Any CPU.ActiveCfg = Release|Any CPU
		{FFB53863-A302-49D2-9E94-1B14A8E6DC80}.Release|Any CPU.Build.0 = Release|Any CPU
	EndGlobalSection
	GlobalSection(SolutionProperties) = preSolution
		HideSolutionNode = FALSE
	EndGlobalSection
	GlobalSection(ExtensibilityGlobals) = postSolution
		SolutionGuid = {292FB058-F44C-406C-BBCD-0D94DC11AF1C}
	EndGlobalSection
EndGlobal
